<?xml version="1.0" encoding="UTF-8"?>
<Scheme LastUpgradeVersion="2620" version="1.7">
  <BuildAction parallelizeBuildables="YES" buildImplicitDependencies="YES">
    <BuildActionEntries>
      <BuildActionEntry buildForTesting="YES" buildForRunning="YES" buildForProfiling="YES" buildForArchiving="YES" buildForAnalyzing="YES">
        <BuildableReference BuildableIdentifier="primary" BlueprintIdentifier="761C3BA02F106ED800DC3F59" BuildableName="PhoneticConverter.app" BlueprintName="PhoneticConverter" ReferencedContainer="container:PhoneticConverter.xcodeproj"/>
      </BuildActionEntry>
    </BuildActionEntries>
  </BuildAction>
  <TestAction buildConfiguration="Debug" selectedDebuggerIdentifier="Xcode.DebuggerFoundation.Debugger.LLDB" selectedLauncherIdentifier="Xcode.DebuggerFoundation.Launcher.LLDB" shouldUseLaunchSchemeArgsEnv="YES">
    <Testables>
      <TestableReference skipped="NO">
        <BuildableReference BuildableIdentifier="primary" BlueprintIdentifier="761C3BAD2F106ED900DC3F59" BuildableName="PhoneticConverterTests.xctest" BlueprintName="PhoneticConverterTests" ReferencedContainer="container:PhoneticConverter.xcodeproj"/>
      </TestableReference>
      <TestableReference skipped="NO">
        <BuildableReference BuildableIdentifier="primary" BlueprintIdentifier="761C3BB72F106ED900DC3F59" BuildableName="PhoneticConverterUITests.xctest" BlueprintName="PhoneticConverterUITests" ReferencedContainer="container:PhoneticConverter.xcodeproj"/>
      </TestableReference>
    </Testables>
    <MacroExpansion>
      <BuildableReference BuildableIdentifier="primary" BlueprintIdentifier="761C3BA02F106ED800DC3F59" BuildableName="PhoneticConverter.app" BlueprintName="PhoneticConverter" ReferencedContainer="container:PhoneticConverter.xcodeproj"/>
    </MacroExpansion>
  </TestAction>
  <LaunchAction buildConfiguration="Debug" selectedDebuggerIdentifier="Xcode.DebuggerFoundation.Debugger.LLDB" selectedLauncherIdentifier="Xcode.DebuggerFoundation.Launcher.LLDB" launchStyle="0" useCustomWorkingDirectory="NO" ignoresPersistentStateOnLaunch="NO" debugDocumentVersioning="YES" debugServiceExtension="internal" allowLocationSimulation="YES">
    <BuildableProductRunnable runnableDebuggingMode="0">
      <BuildableReference BuildableIdentifier="primary" BlueprintIdentifier="761C3BA02F106ED800DC3F59" BuildableName="PhoneticConverter.app" BlueprintName="PhoneticConverter" ReferencedContainer="container:PhoneticConverter.xcodeproj"/>
    </BuildableProductRunnable>
  </LaunchAction>
  <ProfileAction buildConfiguration="Release" shouldUseLaunchSchemeArgsEnv="YES" savedToolIdentifier="" useCustomWorkingDirectory="NO" debugDocumentVersioning="YES">
    <BuildableProductRunnable runnableDebuggingMode="0">
      <BuildableReference BuildableIdentifier="primary" BlueprintIdentifier="761C3BA02F106ED800DC3F59" BuildableName="PhoneticConverter.app" BlueprintName="PhoneticConverter" ReferencedContainer="container:PhoneticConverter.xcodeproj"/>
    </BuildableProductRunnable>
  </ProfileAction>
  <AnalyzeAction buildConfiguration="Debug"/>
  <ArchiveAction buildConfiguration="Release" revealArchiveInOrganizer="YES"/>
</Scheme>
